
Microsoft Visual Studio Solution File, Format Version 12.00
# Visual Studio 15
VisualStudioVersion = 15.0.26730.15
MinimumVisualStudioVersion = 10.0.40219.1
Project("{FAE04EC0-301F-11D3-BF4B-00C04F79EFBC}") = "FingerprintPlugin", "FingerprintPlugin\FingerprintPlugin.csproj", "{8997A219-8268-4623-8D71-E8FE15610CB3}"
EndProject
Project("{FAE04EC0-301F-11D3-BF4B-00C04F79EFBC}") = "EnrollCapture", "EnrollCapture\EnrollCapture.csproj", "{EAD31267-E7B0-4FD4-B230-682E66F645F7}"
EndProject
Project("{FAE04EC0-301F-11D3-BF4B-00C04F79EFBC}") = "WinBioNET", "WinBioNET\WinBioNET.csproj", "{6D7EBD5F-56DA-4D8B-81C6-95C980F3D6F5}"
EndProject
Global
	GlobalSection(SolutionConfigurationPlatforms) = preSolution
		Debug|Any CPU = Debug|Any CPU
		Debug|x64 = Debug|x64
		Debug|x86 = Debug|x86
		Release|Any CPU = Release|Any CPU
		Release|x64 = Release|x64
		Release|x86 = Release|x86
	EndGlobalSection
	GlobalSection(ProjectConfigurationPlatforms) = postSolution
		{8997A219-8268-4623-8D71-E8FE15610CB3}.Debug|Any CPU.ActiveCfg = Debug|Any CPU
		{8997A219-8268-4623-8D71-E8FE15610CB3}.Debug|Any CPU.Build.0 = Debug|Any CPU
		{8997A219-8268-4623-8D71-E8FE15610CB3}.Debug|x64.ActiveCfg = Debug|x64
		{8997A219-8268-4623-8D71-E8FE15610CB3}.Debug|x64.Build.0 = Debug|x64
		{8997A219-8268-4623-8D71-E8FE15610CB3}.Debug|x86.ActiveCfg = Debug|Any CPU
		{8997A219-8268-4623-8D71-E8FE15610CB3}.Debug|x86.Build.0 = Debug|Any CPU
		{8997A219-8268-4623-8D71-E8FE15610CB3}.Release|Any CPU.ActiveCfg = Release|Any CPU
		{8997A219-8268-4623-8D71-E8FE15610CB3}.Release|Any CPU.Build.0 = Release|Any CPU
		{8997A219-8268-4623-8D71-E8FE15610CB3}.Release|x64.ActiveCfg = Release|x64
		{8997A219-8268-4623-8D71-E8FE15610CB3}.Release|x64.Build.0 = Release|x64
		{8997A219-8268-4623-8D71-E8FE15610CB3}.Release|x86.ActiveCfg = Release|Any CPU
		{8997A219-8268-4623-8D71-E8FE15610CB3}.Release|x86.Build.0 = Release|Any CPU
		{EAD31267-E7B0-4FD4-B230-682E66F645F7}.Debug|Any CPU.ActiveCfg = Debug|Any CPU
		{EAD31267-E7B0-4FD4-B230-682E66F645F7}.Debug|Any CPU.Build.0 = Debug|Any CPU
		{EAD31267-E7B0-4FD4-B230-682E66F645F7}.Debug|x64.ActiveCfg = Debug|x64
		{EAD31267-E7B0-4FD4-B230-682E66F645F7}.Debug|x64.Build.0 = Debug|x64
		{EAD31267-E7B0-4FD4-B230-682E66F645F7}.Debug|x86.ActiveCfg = Debug|Any CPU
		{EAD31267-E7B0-4FD4-B230-682E66F645F7}.Debug|x86.Build.0 = Debug|Any CPU
		{EAD31267-E7B0-4FD4-B230-682E66F645F7}.Release|Any CPU.ActiveCfg = Release|Any CPU
		{EAD31267-E7B0-4FD4-B230-682E66F645F7}.Release|Any CPU.Build.0 = Release|Any CPU
		{EAD31267-E7B0-4FD4-B230-682E66F645F7}.Release|x64.ActiveCfg = Release|x64
		{EAD31267-E7B0-4FD4-B230-682E66F645F7}.Release|x64.Build.0 = Release|x64
		{EAD31267-E7B0-4FD4-B230-682E66F645F7}.Release|x86.ActiveCfg = Release|Any CPU
		{EAD31267-E7B0-4FD4-B230-682E66F645F7}.Release|x86.Build.0 = Release|Any CPU
		{6D7EBD5F-56DA-4D8B-81C6-95C980F3D6F5}.Debug|Any CPU.ActiveCfg = Debug|x64
		{6D7EBD5F-56DA-4D8B-81C6-95C980F3D6F5}.Debug|Any CPU.Build.0 = Debug|x64
		{6D7EBD5F-56DA-4D8B-81C6-95C980F3D6F5}.Debug|x64.ActiveCfg = Debug|x64
		{6D7EBD5F-56DA-4D8B-81C6-95C980F3D6F5}.Debug|x64.Build.0 = Debug|x64
		{6D7EBD5F-56DA-4D8B-81C6-95C980F3D6F5}.Debug|x86.ActiveCfg = Debug|x86
		{6D7EBD5F-56DA-4D8B-81C6-95C980F3D6F5}.Debug|x86.Build.0 = Debug|x86
		{6D7EBD5F-56DA-4D8B-81C6-95C980F3D6F5}.Release|Any CPU.ActiveCfg = Release|x86
		{6D7EBD5F-56DA-4D8B-81C6-95C980F3D6F5}.Release|x64.ActiveCfg = Release|x64
		{6D7EBD5F-56DA-4D8B-81C6-95C980F3D6F5}.Release|x86.ActiveCfg = Release|x86
		{6D7EBD5F-56DA-4D8B-81C6-95C980F3D6F5}.Release|x86.Build.0 = Release|x86
	EndGlobalSection
	GlobalSection(SolutionProperties) = preSolution
		HideSolutionNode = FALSE
	EndGlobalSection
	GlobalSection(ExtensibilityGlobals) = postSolution
		SolutionGuid = {32FEA59D-BB58-4B27-99A4-A25937EAA776}
	EndGlobalSection
EndGlobal
